Microsoft Visual Studio Solution File, Format Version 12.00
# Visual Studio Version 17
VisualStudioVersion = 17.14.36327.8
MinimumVisualStudioVersion = 10.0.40219.1
Project("{2150E333-8FDC-42A3-9474-1A3956D46DE8}") = "Aspire", "Aspire", "{02EA681E-C7D8-13C7-8484-4AC65E1B71E8}"
EndProject
Project("{2150E333-8FDC-42A3-9474-1A3956D46DE8}") = "Services", "Services", "{9188FA22-7F6A-43EB-A7D8-DC6A115B6A05}"
EndProject
Project("{2150E333-8FDC-42A3-9474-1A3956D46DE8}") = "Tests", "Tests", "{4E57B003-5721-40D4-B0E5-1C285346730A}"
EndProject
Project("{2150E333-8FDC-42A3-9474-1A3956D46DE8}") = "Shared", "Shared", "{8917F34E-5D61-488B-8405-CF114201052A}"
EndProject
Project("{2150E333-8FDC-42A3-9474-1A3956D46DE8}") = "Clients", "Clients", "{7269B1AF-005C-49C9-83A2-CA9FAE580193}"
EndProject
Project("{FAE04EC0-301F-11D3-BF4B-00C04F79EFBC}") = "Academy.ServiceDefaults", "Aspire\Academy.ServiceDefaults\Academy.ServiceDefaults.csproj", "{BA5BAEF3-ECEB-E398-DD92-1E575A186CEF}"
EndProject
Project("{FAE04EC0-301F-11D3-BF4B-00C04F79EFBC}") = "Academy.AppHost", "Aspire\Academy.AppHost\Academy.AppHost.csproj", "{5315D964-06C1-27F1-EDD3-02CD115D5C59}"
EndProject
Project("{FAE04EC0-301F-11D3-BF4B-00C04F79EFBC}") = "Academy.Services.Api", "Services\Academy.Services.Api\Academy.Services.Api.csproj", "{77A9077A-82A5-9476-1644-A0CD465E543E}"
EndProject
Project("{FAE04EC0-301F-11D3-BF4B-00C04F79EFBC}") = "Academy.Tests", "Tests\Academy.Tests\Academy.Tests.csproj", "{2FA9721C-A3D5-0875-1DDE-6AD0D6FCC29B}"
EndProject
Project("{FAE04EC0-301F-11D3-BF4B-00C04F79EFBC}") = "Academy.Shared.Data", "Shared\Academy.Shared.Data\Academy.Shared.Data.csproj", "{C405A888-392D-4340-8CA3-28655BEF9EB8}"
EndProject
Project("{FAE04EC0-301F-11D3-BF4B-00C04F79EFBC}") = "Academy.Shared.Security.FusionAuth", "Shared\Academy.Shared.Security.FusionAuth\ClassLibrary1\Academy.Shared.Security.FusionAuth.csproj", "{D594D058-D71D-40F5-BBD5-3B469DC16422}"
EndProject
Project("{FAE04EC0-301F-11D3-BF4B-00C04F79EFBC}") = "Academy.Shared.Security", "Shared\Academy.Shared.Security\Academy.Shared.Security\Academy.Shared.Security.csproj", "{064C019B-61D2-49DA-B6DF-9C9BFC7EF597}"
EndProject
Project("{FAE04EC0-301F-11D3-BF4B-00C04F79EFBC}") = "Academy.Shared.Localisation", "Shared\Academy.Shared.Localisation\Academy.Shared.Localisation.csproj", "{7B466D66-CA0B-475A-A85C-3F93AF8F9670}"
EndProject
Project("{FAE04EC0-301F-11D3-BF4B-00C04F79EFBC}") = "Academy.Shared.Storage", "Shared\Academy.Shared.Storage\Academy.Shared.Storage.csproj", "{15811F36-20C9-471D-AB0B-0399A6E133E6}"
EndProject
Project("{FAE04EC0-301F-11D3-BF4B-00C04F79EFBC}") = "Academy.Shared.Storage.S3", "Shared\Academy.Shared.Storage.S3\Academy.Shared.Storage.S3.csproj", "{95C8603E-D30F-41D5-A234-DA833BFC0A23}"
EndProject
Project("{2150E333-8FDC-42A3-9474-1A3956D46DE8}") = "Security", "Security", "{A0260E12-AF92-4C73-B2BA-2E7DA9278A1C}"
EndProject
Project("{2150E333-8FDC-42A3-9474-1A3956D46DE8}") = "Storage", "Storage", "{913A1916-E6A4-4D36-B0B8-A891FEDCD639}"
EndProject
Project("{2150E333-8FDC-42A3-9474-1A3956D46DE8}") = "Data", "Data", "{A56D2EDC-2EC5-46C1-A634-42E9703765DA}"
EndProject
Project("{2150E333-8FDC-42A3-9474-1A3956D46DE8}") = "Localisation", "Localisation", "{B2FAAFBE-F77A-4B0D-A652-4E560FEB5CF0}"
EndProject
Project("{54A90642-561A-4BB1-A94E-469ADEE60C69}") = "academy.clients.web", "Clients\Academy.Clients.Web\academy.clients.web.esproj", "{3AC9C28C-5FB0-B107-0299-6C7930FCCCBF}"
EndProject
Global
	GlobalSection(SolutionConfigurationPlatforms) = preSolution
		Debug|Any CPU = Debug|Any CPU
		Release|Any CPU = Release|Any CPU
	EndGlobalSection
	GlobalSection(ProjectConfigurationPlatforms) = postSolution
		{BA5BAEF3-ECEB-E398-DD92-1E575A186CEF}.Debug|Any CPU.ActiveCfg = Debug|Any CPU
		{BA5BAEF3-ECEB-E398-DD92-1E575A186CEF}.Debug|Any CPU.Build.0 = Debug|Any CPU
		{BA5BAEF3-ECEB-E398-DD92-1E575A186CEF}.Release|Any CPU.ActiveCfg = Release|Any CPU
		{BA5BAEF3-ECEB-E398-DD92-1E575A186CEF}.Release|Any CPU.Build.0 = Release|Any CPU
		{5315D964-06C1-27F1-EDD3-02CD115D5C59}.Debug|Any CPU.ActiveCfg = Debug|Any CPU
		{5315D964-06C1-27F1-EDD3-02CD115D5C59}.Debug|Any CPU.Build.0 = Debug|Any CPU
		{5315D964-06C1-27F1-EDD3-02CD115D5C59}.Release|Any CPU.ActiveCfg = Release|Any CPU
		{5315D964-06C1-27F1-EDD3-02CD115D5C59}.Release|Any CPU.Build.0 = Release|Any CPU
		{77A9077A-82A5-9476-1644-A0CD465E543E}.Debug|Any CPU.ActiveCfg = Debug|Any CPU
		{77A9077A-82A5-9476-1644-A0CD465E543E}.Debug|Any CPU.Build.0 = Debug|Any CPU
		{77A9077A-82A5-9476-1644-A0CD465E543E}.Release|Any CPU.ActiveCfg = Release|Any CPU
		{77A9077A-82A5-9476-1644-A0CD465E543E}.Release|Any CPU.Build.0 = Release|Any CPU
		{2FA9721C-A3D5-0875-1DDE-6AD0D6FCC29B}.Debug|Any CPU.ActiveCfg = Debug|Any CPU
		{2FA9721C-A3D5-0875-1DDE-6AD0D6FCC29B}.Debug|Any CPU.Build.0 = Debug|Any CPU
		{2FA9721C-A3D5-0875-1DDE-6AD0D6FCC29B}.Release|Any CPU.ActiveCfg = Release|Any CPU
		{2FA9721C-A3D5-0875-1DDE-6AD0D6FCC29B}.Release|Any CPU.Build.0 = Release|Any CPU
		{C405A888-392D-4340-8CA3-28655BEF9EB8}.Debug|Any CPU.ActiveCfg = Debug|Any CPU
		{C405A888-392D-4340-8CA3-28655BEF9EB8}.Debug|Any CPU.Build.0 = Debug|Any CPU
		{C405A888-392D-4340-8CA3-28655BEF9EB8}.Release|Any CPU.ActiveCfg = Release|Any CPU
		{C405A888-392D-4340-8CA3-28655BEF9EB8}.Release|Any CPU.Build.0 = Release|Any CPU
		{D594D058-D71D-40F5-BBD5-3B469DC16422}.Debug|Any CPU.ActiveCfg = Debug|Any CPU
		{D594D058-D71D-40F5-BBD5-3B469DC16422}.Debug|Any CPU.Build.0 = Debug|Any CPU
		{D594D058-D71D-40F5-BBD5-3B469DC16422}.Release|Any CPU.ActiveCfg = Release|Any CPU
		{D594D058-D71D-40F5-BBD5-3B469DC16422}.Release|Any CPU.Build.0 = Release|Any CPU
		{064C019B-61D2-49DA-B6DF-9C9BFC7EF597}.Debug|Any CPU.ActiveCfg = Debug|Any CPU
		{064C019B-61D2-49DA-B6DF-9C9BFC7EF597}.Debug|Any CPU.Build.0 = Debug|Any CPU
		{064C019B-61D2-49DA-B6DF-9C9BFC7EF597}.Release|Any CPU.ActiveCfg = Release|Any CPU
		{064C019B-61D2-49DA-B6DF-9C9BFC7EF597}.Release|Any CPU.Build.0 = Release|Any CPU
		{7B466D66-CA0B-475A-A85C-3F93AF8F9670}.Debug|Any CPU.ActiveCfg = Debug|Any CPU
		{7B466D66-CA0B-475A-A85C-3F93AF8F9670}.Debug|Any CPU.Build.0 = Debug|Any CPU
		{7B466D66-CA0B-475A-A85C-3F93AF8F9670}.Release|Any CPU.ActiveCfg = Release|Any CPU
		{7B466D66-CA0B-475A-A85C-3F93AF8F9670}.Release|Any CPU.Build.0 = Release|Any CPU
		{15811F36-20C9-471D-AB0B-0399A6E133E6}.Debug|Any CPU.ActiveCfg = Debug|Any CPU
		{15811F36-20C9-471D-AB0B-0399A6E133E6}.Debug|Any CPU.Build.0 = Debug|Any CPU
		{15811F36-20C9-471D-AB0B-0399A6E133E6}.Release|Any CPU.ActiveCfg = Release|Any CPU
		{15811F36-20C9-471D-AB0B-0399A6E133E6}.Release|Any CPU.Build.0 = Release|Any CPU
		{95C8603E-D30F-41D5-A234-DA833BFC0A23}.Debug|Any CPU.ActiveCfg = Debug|Any CPU
		{95C8603E-D30F-41D5-A234-DA833BFC0A23}.Debug|Any CPU.Build.0 = Debug|Any CPU
		{95C8603E-D30F-41D5-A234-DA833BFC0A23}.Release|Any CPU.ActiveCfg = Release|Any CPU
		{95C8603E-D30F-41D5-A234-DA833BFC0A23}.Release|Any CPU.Build.0 = Release|Any CPU
		{3AC9C28C-5FB0-B107-0299-6C7930FCCCBF}.Debug|Any CPU.ActiveCfg = Debug|Any CPU
		{3AC9C28C-5FB0-B107-0299-6C7930FCCCBF}.Debug|Any CPU.Build.0 = Debug|Any CPU
		{3AC9C28C-5FB0-B107-0299-6C7930FCCCBF}.Debug|Any CPU.Deploy.0 = Debug|Any CPU
		{3AC9C28C-5FB0-B107-0299-6C7930FCCCBF}.Release|Any CPU.ActiveCfg = Release|Any CPU
		{3AC9C28C-5FB0-B107-0299-6C7930FCCCBF}.Release|Any CPU.Build.0 = Release|Any CPU
		{3AC9C28C-5FB0-B107-0299-6C7930FCCCBF}.Release|Any CPU.Deploy.0 = Release|Any CPU
	EndGlobalSection
	GlobalSection(SolutionProperties) = preSolution
		HideSolutionNode = FALSE
	EndGlobalSection
	GlobalSection(NestedProjects) = preSolution
		{BA5BAEF3-ECEB-E398-DD92-1E575A186CEF} = {02EA681E-C7D8-13C7-8484-4AC65E1B71E8}
		{5315D964-06C1-27F1-EDD3-02CD115D5C59} = {02EA681E-C7D8-13C7-8484-4AC65E1B71E8}
		{77A9077A-82A5-9476-1644-A0CD465E543E} = {9188FA22-7F6A-43EB-A7D8-DC6A115B6A05}
		{2FA9721C-A3D5-0875-1DDE-6AD0D6FCC29B} = {4E57B003-5721-40D4-B0E5-1C285346730A}
		{C405A888-392D-4340-8CA3-28655BEF9EB8} = {A56D2EDC-2EC5-46C1-A634-42E9703765DA}
		{D594D058-D71D-40F5-BBD5-3B469DC16422} = {A0260E12-AF92-4C73-B2BA-2E7DA9278A1C}
		{064C019B-61D2-49DA-B6DF-9C9BFC7EF597} = {A0260E12-AF92-4C73-B2BA-2E7DA9278A1C}
		{7B466D66-CA0B-475A-A85C-3F93AF8F9670} = {B2FAAFBE-F77A-4B0D-A652-4E560FEB5CF0}
		{15811F36-20C9-471D-AB0B-0399A6E133E6} = {913A1916-E6A4-4D36-B0B8-A891FEDCD639}
		{95C8603E-D30F-41D5-A234-DA833BFC0A23} = {913A1916-E6A4-4D36-B0B8-A891FEDCD639}
		{A0260E12-AF92-4C73-B2BA-2E7DA9278A1C} = {8917F34E-5D61-488B-8405-CF114201052A}
		{913A1916-E6A4-4D36-B0B8-A891FEDCD639} = {8917F34E-5D61-488B-8405-CF114201052A}
		{A56D2EDC-2EC5-46C1-A634-42E9703765DA} = {8917F34E-5D61-488B-8405-CF114201052A}
		{B2FAAFBE-F77A-4B0D-A652-4E560FEB5CF0} = {8917F34E-5D61-488B-8405-CF114201052A}
		{3AC9C28C-5FB0-B107-0299-6C7930FCCCBF} = {7269B1AF-005C-49C9-83A2-CA9FAE580193}
	EndGlobalSection
	GlobalSection(ExtensibilityGlobals) = postSolution
		SolutionGuid = {04D5BE8A-130B-4B09-8949-B5A88228C02B}
	EndGlobalSection
EndGlobal
